
Microsoft Visual Studio Solution File, Format Version 12.00
# Visual Studio Version 16
VisualStudioVersion = 16.0.31019.35
MinimumVisualStudioVersion = 10.0.40219.1
Project("{FAE04EC0-301F-11D3-BF4B-00C04F79EFBC}") = "KINOKINOKINO", "KINOKINOKINO\KINOKINOKINO.csproj", "{43B92B8B-FABE-42D0-B4AB-EC065654E0CA}"
EndProject
Global
	GlobalSection(SolutionConfigurationPlatforms) = preSolution
		Debug|Any CPU = Debug|Any CPU
		Release|Any CPU = Release|Any CPU
	EndGlobalSection
	GlobalSection(ProjectConfigurationPlatforms) = postSolution
		{43B92B8B-FABE-42D0-B4AB-EC065654E0CA}.Debug|Any CPU.ActiveCfg = Debug|Any CPU
		{43B92B8B-FABE-42D0-B4AB-EC065654E0CA}.Debug|Any CPU.Build.0 = Debug|Any CPU
		{43B92B8B-FABE-42D0-B4AB-EC065654E0CA}.Release|Any CPU.ActiveCfg = Release|Any CPU
		{43B92B8B-FABE-42D0-B4AB-EC065654E0CA}.Release|Any CPU.Build.0 = Release|Any CPU
	EndGlobalSection
	GlobalSection(SolutionProperties) = preSolution
		HideSolutionNode = FALSE
	EndGlobalSection
	GlobalSection(ExtensibilityGlobals) = postSolution
		SolutionGuid = {7E833652-A3BD-448A-9AE6-CCBF2C0D53E9}
	EndGlobalSection
EndGlobal
